// !$*UTF8*$!
{
	archiveVersion = 1;
	classes = {
	};
	objectVersion = 56;
	objects = {

/* Begin PBXBuildFile section */
		FD7C2E232AFFE6A5000B6476 /* Share_SongApp.swift in Sources */ = {isa = PBXBuildFile; fileRef = FD7C2E222AFFE6A5000B6476 /* Share_SongApp.swift */; };
		FD7C2E252AFFE6A5000B6476 /* ContentView.swift in Sources */ = {isa = PBXBuildFile; fileRef = FD7C2E242AFFE6A5000B6476 /* ContentView.swift */; };
		FD7C2E272AFFE6A5000B6476 /* Item.swift in Sources */ = {isa = PBXBuildFile; fileRef = FD7C2E262AFFE6A5000B6476 /* Item.swift */; };
		FD7C2E292AFFE6A6000B6476 /* Assets.xcassets in Resources */ = {isa = PBXBuildFile; fileRef = FD7C2E282AFFE6A6000B6476 /* Assets.xcassets */; };
		FD7C2E2C2AFFE6A6000B6476 /* Preview Assets.xcassets in Resources */ = {isa = PBXBuildFile; fileRef = FD7C2E2B2AFFE6A6000B6476 /* Preview Assets.xcassets */; };
		FD7C2E362AFFE6A6000B6476 /* Share_SongTests.swift in Sources */ = {isa = PBXBuildFile; fileRef = FD7C2E352AFFE6A6000B6476 /* Share_SongTests.swift */; };
		FD7C2E402AFFE6A6000B6476 /* Share_SongUITests.swift in Sources */ = {isa = PBXBuildFile; fileRef = FD7C2E3F2AFFE6A6000B6476 /* Share_SongUITests.swift */; };
		FD7C2E422AFFE6A6000B6476 /* Share_SongUITestsLaunchTests.swift in Sources */ = {isa = PBXBuildFile; fileRef = FD7C2E412AFFE6A6000B6476 /* Share_SongUITestsLaunchTests.swift */; };
/* End PBXBuildFile section */

/* Begin PBXContainerItemProxy section */
		FD7C2E322AFFE6A6000B6476 /* PBXContainerItemProxy */ = {
			isa = PBXContainerItemProxy;
			containerPortal = FD7C2E172AFFE6A5000B6476 /* Project object */;
			proxyType = 1;
			remoteGlobalIDString = FD7C2E1E2AFFE6A5000B6476;
			remoteInfo = "Share Song";
		};
		FD7C2E3C2AFFE6A6000B6476 /* PBXContainerItemProxy */ = {
			isa = PBXContainerItemProxy;
			containerPortal = FD7C2E172AFFE6A5000B6476 /* Project object */;
			proxyType = 1;
			remoteGlobalIDString = FD7C2E1E2AFFE6A5000B6476;
			remoteInfo = "Share Song";
		};
/* End PBXContainerItemProxy section */

/* Begin PBXFileReference section */
		FD7C2E1F2AFFE6A5000B6476 /* Share Song.app */ = {isa = PBXFileReference; explicitFileType = wrapper.application; includeInIndex = 0; path = "Share Song.app"; sourceTree = BUILT_PRODUCTS_DIR; };
		FD7C2E222AFFE6A5000B6476 /* Share_SongApp.swift */ = {isa = PBXFileReference; lastKnownFileType = sourcecode.swift; path = Share_SongApp.swift; sourceTree = "<group>"; };
		FD7C2E242AFFE6A5000B6476 /* ContentView.swift */ = {isa = PBXFileReference; lastKnownFileType = sourcecode.swift; path = ContentView.swift; sourceTree = "<group>"; };
		FD7C2E262AFFE6A5000B6476 /* Item.swift */ = {isa = PBXFileReference; lastKnownFileType = sourcecode.swift; path = Item.swift; sourceTree = "<group>"; };
		FD7C2E282AFFE6A6000B6476 /* Assets.xcassets */ = {isa = PBXFileReference; lastKnownFileType = folder.assetcatalog; path = Assets.xcassets; sourceTree = "<group>"; };
		FD7C2E2B2AFFE6A6000B6476 /* Preview Assets.xcassets */ = {isa = PBXFileReference; lastKnownFileType = folder.assetcatalog; path = "Preview Assets.xcassets"; sourceTree = "<group>"; };
		FD7C2E312AFFE6A6000B6476 /* Share SongTests.xctest */ = {isa = PBXFileReference; explicitFileType = wrapper.cfbundle; includeInIndex = 0; path = "Share SongTests.xctest"; sourceTree = BUILT_PRODUCTS_DIR; };
		FD7C2E352AFFE6A6000B6476 /* Share_SongTests.swift */ = {isa = PBXFileReference; lastKnownFileType = sourcecode.swift; path = Share_SongTests.swift; sourceTree = "<group>"; };
		FD7C2E3B2AFFE6A6000B6476 /* Share SongUITests.xctest */ = {isa = PBXFileReference; explicitFileType = wrapper.cfbundle; includeInIndex = 0; path = "Share SongUITests.xctest"; sourceTree = BUILT_PRODUCTS_DIR; };
		FD7C2E3F2AFFE6A6000B6476 /* Share_SongUITests.swift */ = {isa = PBXFileReference; lastKnownFileType = sourcecode.swift; path = Share_SongUITests.swift; sourceTree = "<group>"; };
		FD7C2E412AFFE6A6000B6476 /* Share_SongUITestsLaunchTests.swift */ = {isa = PBXFileReference; lastKnownFileType = sourcecode.swift; path = Share_SongUITestsLaunchTests.swift; sourceTree = "<group>"; };
/* End PBXFileReference section */

/* Begin PBXFrameworksBuildPhase section */
		FD7C2E1C2AFFE6A5000B6476 /* Frameworks */ = {
			isa = PBXFrameworksBuildPhase;
			buildActionMask = 2147483647;
			files = (
			);
			runOnlyForDeploymentPostprocessing = 0;
		};
		FD7C2E2E2AFFE6A6000B6476 /* Frameworks */ = {
			isa = PBXFrameworksBuildPhase;
			buildActionMask = 2147483647;
			files = (
			);
			runOnlyForDeploymentPostprocessing = 0;
		};
		FD7C2E382AFFE6A6000B6476 /* Frameworks */ = {
			isa = PBXFrameworksBuildPhase;
			buildActionMask = 2147483647;
			files = (
			);
			runOnlyForDeploymentPostprocessing = 0;
		};
/* End PBXFrameworksBuildPhase section */

/* Begin PBXGroup section */
		FD7C2E162AFFE6A5000B6476 = {
			isa = PBXGroup;
			children = (
				FD7C2E212AFFE6A5000B6476 /* Share Song */,
				FD7C2E342AFFE6A6000B6476 /* Share SongTests */,
				FD7C2E3E2AFFE6A6000B6476 /* Share SongUITests */,
				FD7C2E202AFFE6A5000B6476 /* Products */,
			);
			sourceTree = "<group>";
		};
		FD7C2E202AFFE6A5000B6476 /* Products */ = {
			isa = PBXGroup;
			children = (
				FD7C2E1F2AFFE6A5000B6476 /* Share Song.app */,
				FD7C2E312AFFE6A6000B6476 /* Share SongTests.xctest */,
				FD7C2E3B2AFFE6A6000B6476 /* Share SongUITests.xctest */,
			);
			name = Products;
			sourceTree = "<group>";
		};
		FD7C2E212AFFE6A5000B6476 /* Share Song */ = {
			isa = PBXGroup;
			children = (
				FD7C2E222AFFE6A5000B6476 /* Share_SongApp.swift */,
				FD7C2E242AFFE6A5000B6476 /* ContentView.swift */,
				FD7C2E262AFFE6A5000B6476 /* Item.swift */,
				FD7C2E282AFFE6A6000B6476 /* Assets.xcassets */,
				FD7C2E2A2AFFE6A6000B6476 /* Preview Content */,
			);
			path = "Share Song";
			sourceTree = "<group>";
		};
		FD7C2E2A2AFFE6A6000B6476 /* Preview Content */ = {
			isa = PBXGroup;
			children = (
				FD7C2E2B2AFFE6A6000B6476 /* Preview Assets.xcassets */,
			);
			path = "Preview Content";
			sourceTree = "<group>";
		};
		FD7C2E342AFFE6A6000B6476 /* Share SongTests */ = {
			isa = PBXGroup;
			children = (
				FD7C2E352AFFE6A6000B6476 /* Share_SongTests.swift */,
			);
			path = "Share SongTests";
			sourceTree = "<group>";
		};
		FD7C2E3E2AFFE6A6000B6476 /* Share SongUITests */ = {
			isa = PBXGroup;
			children = (
				FD7C2E3F2AFFE6A6000B6476 /* Share_SongUITests.swift */,
				FD7C2E412AFFE6A6000B6476 /* Share_SongUITestsLaunchTests.swift */,
			);
			path = "Share SongUITests";
			sourceTree = "<group>";
		};
/* End PBXGroup section */

/* Begin PBXNativeTarget section */
		FD7C2E1E2AFFE6A5000B6476 /* Share Song */ = {
			isa = PBXNativeTarget;
			buildConfigurationList = FD7C2E452AFFE6A6000B6476 /* Build configuration list for PBXNativeTarget "Share Song" */;
			buildPhases = (
				FD7C2E1B2AFFE6A5000B6476 /* Sources */,
				FD7C2E1C2AFFE6A5000B6476 /* Frameworks */,
				FD7C2E1D2AFFE6A5000B6476 /* Resources */,
			);
			buildRules = (
			);
			dependencies = (
			);
			name = "Share Song";
			productName = "Share Song";
			productReference = FD7C2E1F2AFFE6A5000B6476 /* Share Song.app */;
			productType = "com.apple.product-type.application";
		};
		FD7C2E302AFFE6A6000B6476 /* Share SongTests */ = {
			isa = PBXNativeTarget;
			buildConfigurationList = FD7C2E482AFFE6A6000B6476 /* Build configuration list for PBXNativeTarget "Share SongTests" */;
			buildPhases = (
				FD7C2E2D2AFFE6A6000B6476 /* Sources */,
				FD7C2E2E2AFFE6A6000B6476 /* Frameworks */,
				FD7C2E2F2AFFE6A6000B6476 /* Resources */,
			);
			buildRules = (
			);
			dependencies = (
				FD7C2E332AFFE6A6000B6476 /* PBXTargetDependency */,
			);
			name = "Share SongTests";
			productName = "Share SongTests";
			productReference = FD7C2E312AFFE6A6000B6476 /* Share SongTests.xctest */;
			productType = "com.apple.product-type.bundle.unit-test";
		};
		FD7C2E3A2AFFE6A6000B6476 /* Share SongUITests */ = {
			isa = PBXNativeTarget;
			buildConfigurationList = FD7C2E4B2AFFE6A6000B6476 /* Build configuration list for PBXNativeTarget "Share SongUITests" */;
			buildPhases = (
				FD7C2E372AFFE6A6000B6476 /* Sources */,
				FD7C2E382AFFE6A6000B6476 /* Frameworks */,
				FD7C2E392AFFE6A6000B6476 /* Resources */,
			);
			buildRules = (
			);
			dependencies = (
				FD7C2E3D2AFFE6A6000B6476 /* PBXTargetDependency */,
			);
			name = "Share SongUITests";
			productName = "Share SongUITests";
			productReference = FD7C2E3B2AFFE6A6000B6476 /* Share SongUITests.xctest */;
			productType = "com.apple.product-type.bundle.ui-testing";
		};
/* End PBXNativeTarget section */

/* Begin PBXProject section */
		FD7C2E172AFFE6A5000B6476 /* Project object */ = {
			isa = PBXProject;
			attributes = {
				BuildIndependentTargetsInParallel = 1;
				LastSwiftUpdateCheck = 1500;
				LastUpgradeCheck = 1500;
				TargetAttributes = {
					FD7C2E1E2AFFE6A5000B6476 = {
						CreatedOnToolsVersion = 15.0.1;
					};
					FD7C2E302AFFE6A6000B6476 = {
						CreatedOnToolsVersion = 15.0.1;
						TestTargetID = FD7C2E1E2AFFE6A5000B6476;
					};
					FD7C2E3A2AFFE6A6000B6476 = {
						CreatedOnToolsVersion = 15.0.1;
						TestTargetID = FD7C2E1E2AFFE6A5000B6476;
					};
				};
			};
			buildConfigurationList = FD7C2E1A2AFFE6A5000B6476 /* Build configuration list for PBXProject "Share Song" */;
			compatibilityVersion = "Xcode 14.0";
			developmentRegion = en;
			hasScannedForEncodings = 0;
			knownRegions = (
				en,
				Base,
			);
			mainGroup = FD7C2E162AFFE6A5000B6476;
			productRefGroup = FD7C2E202AFFE6A5000B6476 /* Products */;
			projectDirPath = "";
			projectRoot = "";
			targets = (
				FD7C2E1E2AFFE6A5000B6476 /* Share Song */,
				FD7C2E302AFFE6A6000B6476 /* Share SongTests */,
				FD7C2E3A2AFFE6A6000B6476 /* Share SongUITests */,
			);
		};
/* End PBXProject section */

/* Begin PBXResourcesBuildPhase section */
		FD7C2E1D2AFFE6A5000B6476 /* Resources */ = {
			isa = PBXResourcesBuildPhase;
			buildActionMask = 2147483647;
			files = (
				FD7C2E2C2AFFE6A6000B6476 /* Preview Assets.xcassets in Resources */,
				FD7C2E292AFFE6A6000B6476 /* Assets.xcassets in Resources */,
			);
			runOnlyForDeploymentPostprocessing = 0;
		};
		FD7C2E2F2AFFE6A6000B6476 /* Resources */ = {
			isa = PBXResourcesBuildPhase;
			buildActionMask = 2147483647;
			files = (
			);
			runOnlyForDeploymentPostprocessing = 0;
		};
		FD7C2E392AFFE6A6000B6476 /* Resources */ = {
			isa = PBXResourcesBuildPhase;
			buildActionMask = 2147483647;
			files = (
			);
			runOnlyForDeploymentPostprocessing = 0;
		};
/* End PBXResourcesBuildPhase section */

/* Begin PBXSourcesBuildPhase section */
		FD7C2E1B2AFFE6A5000B6476 /* Sources */ = {
			isa = PBXSourcesBuildPhase;
			buildActionMask = 2147483647;
			files = (
				FD7C2E252AFFE6A5000B6476 /* ContentView.swift in Sources */,
				FD7C2E272AFFE6A5000B6476 /* Item.swift in Sources */,
				FD7C2E232AFFE6A5000B6476 /* Share_SongApp.swift in Sources */,
			);
			runOnlyForDeploymentPostprocessing = 0;
		};
		FD7C2E2D2AFFE6A6000B6476 /* Sources */ = {
			isa = PBXSourcesBuildPhase;
			buildActionMask = 2147483647;
			files = (
				FD7C2E362AFFE6A6000B6476 /* Share_SongTests.swift in Sources */,
			);
			runOnlyForDeploymentPostprocessing = 0;
		};
		FD7C2E372AFFE6A6000B6476 /* Sources */ = {
			isa = PBXSourcesBuildPhase;
			buildActionMask = 2147483647;
			files = (
				FD7C2E402AFFE6A6000B6476 /* Share_SongUITests.swift in Sources */,
				FD7C2E422AFFE6A6000B6476 /* Share_SongUITestsLaunchTests.swift in Sources */,
			);
			runOnlyForDeploymentPostprocessing = 0;
		};
/* End PBXSourcesBuildPhase section */

/* Begin PBXTargetDependency section */
		FD7C2E332AFFE6A6000B6476 /* PBXTargetDependency */ = {
			isa = PBXTargetDependency;
			target = FD7C2E1E2AFFE6A5000B6476 /* Share Song */;
			targetProxy = FD7C2E322AFFE6A6000B6476 /* PBXContainerItemProxy */;
		};
		FD7C2E3D2AFFE6A6000B6476 /* PBXTargetDependency */ = {
			isa = PBXTargetDependency;
			target = FD7C2E1E2AFFE6A5000B6476 /* Share Song */;
			targetProxy = FD7C2E3C2AFFE6A6000B6476 /* PBXContainerItemProxy */;
		};
/* End PBXTargetDependency section */

/* Begin XCBuildConfiguration section */
		FD7C2E432AFFE6A6000B6476 /* Debug */ = {
			isa = XCBuildConfiguration;
			buildSettings = {
				ALWAYS_SEARCH_USER_PATHS = NO;
				ASSETCATALOG_COMPILER_GENERATE_SWIFT_ASSET_SYMBOL_EXTENSIONS = YES;
				CLANG_ANALYZER_NONNULL = YES;
				CLANG_ANALYZER_NUMBER_OBJECT_CONVERSION = YES_AGGRESSIVE;
				CLANG_CXX_LANGUAGE_STANDARD = "gnu++20";
				CLANG_ENABLE_MODULES = YES;
				CLANG_ENABLE_OBJC_ARC = YES;
				CLANG_ENABLE_OBJC_WEAK = YES;
				CLANG_WARN_BLOCK_CAPTURE_AUTORELEASING = YES;
				CLANG_WARN_BOOL_CONVERSION = YES;
				CLANG_WARN_COMMA = YES;
				CLANG_WARN_CONSTANT_CONVERSION = YES;
				CLANG_WARN_DEPRECATED_OBJC_IMPLEMENTATIONS = YES;
				CLANG_WARN_DIRECT_OBJC_ISA_USAGE = YES_ERROR;
				CLANG_WARN_DOCUMENTATION_COMMENTS = YES;
				CLANG_WARN_EMPTY_BODY = YES;
				CLANG_WARN_ENUM_CONVERSION = YES;
				CLANG_WARN_INFINITE_RECURSION = YES;
				CLANG_WARN_INT_CONVERSION = YES;
				CLANG_WARN_NON_LITERAL_NULL_CONVERSION = YES;
				CLANG_WARN_OBJC_IMPLICIT_RETAIN_SELF = YES;
				CLANG_WARN_OBJC_LITERAL_CONVERSION = YES;
				CLANG_WARN_OBJC_ROOT_CLASS = YES_ERROR;
				CLANG_WARN_QUOTED_INCLUDE_IN_FRAMEWORK_HEADER = YES;
				CLANG_WARN_RANGE_LOOP_ANALYSIS = YES;
				CLANG_WARN_STRICT_PROTOTYPES = YES;
				CLANG_WARN_SUSPICIOUS_MOVE = YES;
				CLANG_WARN_UNGUARDED_AVAILABILITY = YES_AGGRESSIVE;
				CLANG_WARN_UNREACHABLE_CODE = YES;
				CLANG_WARN__DUPLICATE_METHOD_MATCH = YES;
				COPY_PHASE_STRIP = NO;
				DEBUG_INFORMATION_FORMAT = dwarf;
				ENABLE_STRICT_OBJC_MSGSEND = YES;
				ENABLE_TESTABILITY = YES;
				ENABLE_USER_SCRIPT_SANDBOXING = YES;
				GCC_C_LANGUAGE_STANDARD = gnu17;
				GCC_DYNAMIC_NO_PIC = NO;
				GCC_NO_COMMON_BLOCKS = YES;
				GCC_OPTIMIZATION_LEVEL = 0;
				GCC_PREPROCESSOR_DEFINITIONS = (
					"DEBUG=1",
					"$(inherited)",
				);
				GCC_WARN_64_TO_32_BIT_CONVERSION = YES;
				GCC_WARN_ABOUT_RETURN_TYPE = YES_ERROR;
				GCC_WARN_UNDECLARED_SELECTOR = YES;
				GCC_WARN_UNINITIALIZED_AUTOS = YES_AGGRESSIVE;
				GCC_WARN_UNUSED_FUNCTION = YES;
				GCC_WARN_UNUSED_VARIABLE = YES;
				IPHONEOS_DEPLOYMENT_TARGET = 17.0;
				LOCALIZATION_PREFERS_STRING_CATALOGS = YES;
				MTL_ENABLE_DEBUG_INFO = INCLUDE_SOURCE;
				MTL_FAST_MATH = YES;
				ONLY_ACTIVE_ARCH = YES;
				SDKROOT = iphoneos;
				SWIFT_ACTIVE_COMPILATION_CONDITIONS = "DEBUG $(inherited)";
				SWIFT_OPTIMIZATION_LEVEL = "-Onone";
			};
			name = Debug;
		};
		FD7C2E442AFFE6A6000B6476 /* Release */ = {
			isa = XCBuildConfiguration;
			buildSettings = {
				ALWAYS_SEARCH_USER_PATHS = NO;
				ASSETCATALOG_COMPILER_GENERATE_SWIFT_ASSET_SYMBOL_EXTENSIONS = YES;
				CLANG_ANALYZER_NONNULL = YES;
				CLANG_ANALYZER_NUMBER_OBJECT_CONVERSION = YES_AGGRESSIVE;
				CLANG_CXX_LANGUAGE_STANDARD = "gnu++20";
				CLANG_ENABLE_MODULES = YES;
				CLANG_ENABLE_OBJC_ARC = YES;
				CLANG_ENABLE_OBJC_WEAK = YES;
				CLANG_WARN_BLOCK_CAPTURE_AUTORELEASING = YES;
				CLANG_WARN_BOOL_CONVERSION = YES;
				CLANG_WARN_COMMA = YES;
				CLANG_WARN_CONSTANT_CONVERSION = YES;
				CLANG_WARN_DEPRECATED_OBJC_IMPLEMENTATIONS = YES;
				CLANG_WARN_DIRECT_OBJC_ISA_USAGE = YES_ERROR;
				CLANG_WARN_DOCUMENTATION_COMMENTS = YES;
				CLANG_WARN_EMPTY_BODY = YES;
				CLANG_WARN_ENUM_CONVERSION = YES;
				CLANG_WARN_INFINITE_RECURSION = YES;
				CLANG_WARN_INT_CONVERSION = YES;
				CLANG_WARN_NON_LITERAL_NULL_CONVERSION = YES;
				CLANG_WARN_OBJC_IMPLICIT_RETAIN_SELF = YES;
				CLANG_WARN_OBJC_LITERAL_CONVERSION = YES;
				CLANG_WARN_OBJC_ROOT_CLASS = YES_ERROR;
				CLANG_WARN_QUOTED_INCLUDE_IN_FRAMEWORK_HEADER = YES;
				CLANG_WARN_RANGE_LOOP_ANALYSIS = YES;
				CLANG_WARN_STRICT_PROTOTYPES = YES;
				CLANG_WARN_SUSPICIOUS_MOVE = YES;
				CLANG_WARN_UNGUARDED_AVAILABILITY = YES_AGGRESSIVE;
				CLANG_WARN_UNREACHABLE_CODE = YES;
				CLANG_WARN__DUPLICATE_METHOD_MATCH = YES;
				COPY_PHASE_STRIP = NO;
				DEBUG_INFORMATION_FORMAT = "dwarf-with-dsym";
				ENABLE_NS_ASSERTIONS = NO;
				ENABLE_STRICT_OBJC_MSGSEND = YES;
				ENABLE_USER_SCRIPT_SANDBOXING = YES;
				GCC_C_LANGUAGE_STANDARD = gnu17;
				GCC_NO_COMMON_BLOCKS = YES;
				GCC_WARN_64_TO_32_BIT_CONVERSION = YES;
				GCC_WARN_ABOUT_RETURN_TYPE = YES_ERROR;
				GCC_WARN_UNDECLARED_SELECTOR = YES;
				GCC_WARN_UNINITIALIZED_AUTOS = YES_AGGRESSIVE;
				GCC_WARN_UNUSED_FUNCTION = YES;
				GCC_WARN_UNUSED_VARIABLE = YES;
				IPHONEOS_DEPLOYMENT_TARGET = 17.0;
				LOCALIZATION_PREFERS_STRING_CATALOGS = YES;
				MTL_ENABLE_DEBUG_INFO = NO;
				MTL_FAST_MATH = YES;
				SDKROOT = iphoneos;
				SWIFT_COMPILATION_MODE = wholemodule;
				VALIDATE_PRODUCT = YES;
			};
			name = Release;
		};
		FD7C2E462AFFE6A6000B6476 /* Debug */ = {
			isa = XCBuildConfiguration;
			buildSettings = {
				ASSETCATALOG_COMPILER_APPICON_NAME = AppIcon;
				ASSETCATALOG_COMPILER_GLOBAL_ACCENT_COLOR_NAME = AccentColor;
				CODE_SIGN_STYLE = Automatic;
				CURRENT_PROJECT_VERSION = 1;
				DEVELOPMENT_ASSET_PATHS = "\"Share Song/Preview Content\"";
				DEVELOPMENT_TEAM = D52W8PA2SV;
				ENABLE_PREVIEWS = YES;
				GENERATE_INFOPLIST_FILE = YES;
				INFOPLIST_KEY_UIApplicationSceneManifest_Generation = YES;
				INFOPLIST_KEY_UIApplicationSupportsIndirectInputEvents = YES;
				INFOPLIST_KEY_UILaunchScreen_Generation = YES;
				INFOPLIST_KEY_UISupportedInterfaceOrientations_iPad = "UIInterfaceOrientationPortrait UIInterfaceOrientationPortraitUpsideDown UIInterfaceOrientationLandscapeLeft UIInterfaceOrientationLandscapeRight";
				INFOPLIST_KEY_UISupportedInterfaceOrientations_iPhone = "UIInterfaceOrientationPortrait UIInterfaceOrientationLandscapeLeft UIInterfaceOrientationLandscapeRight";
				LD_RUNPATH_SEARCH_PATHS = (
					"$(inherited)",
					"@executable_path/Frameworks",
				);
				MARKETING_VERSION = 1.0;
				PRODUCT_BUNDLE_IDENTIFIER = "com.valerian.sharesongios.Share-Song";
				PRODUCT_NAME = "$(TARGET_NAME)";
				SWIFT_EMIT_LOC_STRINGS = YES;
				SWIFT_VERSION = 5.0;
				TARGETED_DEVICE_FAMILY = "1,2";
			};
			name = Debug;
		};
		FD7C2E472AFFE6A6000B6476 /* Release */ = {
			isa = XCBuildConfiguration;
			buildSettings = {
				ASSETCATALOG_COMPILER_APPICON_NAME = AppIcon;
				ASSETCATALOG_COMPILER_GLOBAL_ACCENT_COLOR_NAME = AccentColor;
				CODE_SIGN_STYLE = Automatic;
				CURRENT_PROJECT_VERSION = 1;
				DEVELOPMENT_ASSET_PATHS = "\"Share Song/Preview Content\"";
				DEVELOPMENT_TEAM = D52W8PA2SV;
				ENABLE_PREVIEWS = YES;
				GENERATE_INFOPLIST_FILE = YES;
				INFOPLIST_KEY_UIApplicationSceneManifest_Generation = YES;
				INFOPLIST_KEY_UIApplicationSupportsIndirectInputEvents = YES;
				INFOPLIST_KEY_UILaunchScreen_Generation = YES;
				INFOPLIST_KEY_UISupportedInterfaceOrientations_iPad = "UIInterfaceOrientationPortrait UIInterfaceOrientationPortraitUpsideDown UIInterfaceOrientationLandscapeLeft UIInterfaceOrientationLandscapeRight";
				INFOPLIST_KEY_UISupportedInterfaceOrientations_iPhone = "UIInterfaceOrientationPortrait UIInterfaceOrientationLandscapeLeft UIInterfaceOrientationLandscapeRight";
				LD_RUNPATH_SEARCH_PATHS = (
					"$(inherited)",
					"@executable_path/Frameworks",
				);
				MARKETING_VERSION = 1.0;
				PRODUCT_BUNDLE_IDENTIFIER = "com.valerian.sharesongios.Share-Song";
				PRODUCT_NAME = "$(TARGET_NAME)";
				SWIFT_EMIT_LOC_STRINGS = YES;
				SWIFT_VERSION = 5.0;
				TARGETED_DEVICE_FAMILY = "1,2";
			};
			name = Release;
		};
		FD7C2E492AFFE6A6000B6476 /* Debug */ = {
			isa = XCBuildConfiguration;
			buildSettings = {
				ALWAYS_EMBED_SWIFT_STANDARD_LIBRARIES = YES;
				BUNDLE_LOADER = "$(TEST_HOST)";
				CODE_SIGN_STYLE = Automatic;
				CURRENT_PROJECT_VERSION = 1;
				DEVELOPMENT_TEAM = D52W8PA2SV;
				GENERATE_INFOPLIST_FILE = YES;
				IPHONEOS_DEPLOYMENT_TARGET = 17.0;
				MARKETING_VERSION = 1.0;
				PRODUCT_BUNDLE_IDENTIFIER = "com.valerian.sharesongios.Share-SongTests";
				PRODUCT_NAME = "$(TARGET_NAME)";
				SWIFT_EMIT_LOC_STRINGS = NO;
				SWIFT_VERSION = 5.0;
				TARGETED_DEVICE_FAMILY = "1,2";
				TEST_HOST = "$(BUILT_PRODUCTS_DIR)/Share Song.app/$(BUNDLE_EXECUTABLE_FOLDER_PATH)/Share Song";
			};
			name = Debug;
		};
		FD7C2E4A2AFFE6A6000B6476 /* Release */ = {
			isa = XCBuildConfiguration;
			buildSettings = {
				ALWAYS_EMBED_SWIFT_STANDARD_LIBRARIES = YES;
				BUNDLE_LOADER = "$(TEST_HOST)";
				CODE_SIGN_STYLE = Automatic;
				CURRENT_PROJECT_VERSION = 1;
				DEVELOPMENT_TEAM = D52W8PA2SV;
				GENERATE_INFOPLIST_FILE = YES;
				IPHONEOS_DEPLOYMENT_TARGET = 17.0;
				MARKETING_VERSION = 1.0;
				PRODUCT_BUNDLE_IDENTIFIER = "com.valerian.sharesongios.Share-SongTests";
				PRODUCT_NAME = "$(TARGET_NAME)";
				SWIFT_EMIT_LOC_STRINGS = NO;
				SWIFT_VERSION = 5.0;
				TARGETED_DEVICE_FAMILY = "1,2";
				TEST_HOST = "$(BUILT_PRODUCTS_DIR)/Share Song.app/$(BUNDLE_EXECUTABLE_FOLDER_PATH)/Share Song";
			};
			name = Release;
		};
		FD7C2E4C2AFFE6A6000B6476 /* Debug */ = {
			isa = XCBuildConfiguration;
			buildSettings = {
				ALWAYS_EMBED_SWIFT_STANDARD_LIBRARIES = YES;
				CODE_SIGN_STYLE = Automatic;
				CURRENT_PROJECT_VERSION = 1;
				DEVELOPMENT_TEAM = D52W8PA2SV;
				GENERATE_INFOPLIST_FILE = YES;
				MARKETING_VERSION = 1.0;
				PRODUCT_BUNDLE_IDENTIFIER = "com.valerian.sharesongios.Share-SongUITests";
				PRODUCT_NAME = "$(TARGET_NAME)";
				SWIFT_EMIT_LOC_STRINGS = NO;
				SWIFT_VERSION = 5.0;
				TARGETED_DEVICE_FAMILY = "1,2";
				TEST_TARGET_NAME = "Share Song";
			};
			name = Debug;
		};
		FD7C2E4D2AFFE6A6000B6476 /* Release */ = {
			isa = XCBuildConfiguration;
			buildSettings = {
				ALWAYS_EMBED_SWIFT_STANDARD_LIBRARIES = YES;
				CODE_SIGN_STYLE = Automatic;
				CURRENT_PROJECT_VERSION = 1;
				DEVELOPMENT_TEAM = D52W8PA2SV;
				GENERATE_INFOPLIST_FILE = YES;
				MARKETING_VERSION = 1.0;
				PRODUCT_BUNDLE_IDENTIFIER = "com.valerian.sharesongios.Share-SongUITests";
				PRODUCT_NAME = "$(TARGET_NAME)";
				SWIFT_EMIT_LOC_STRINGS = NO;
				SWIFT_VERSION = 5.0;
				TARGETED_DEVICE_FAMILY = "1,2";
				TEST_TARGET_NAME = "Share Song";
			};
			name = Release;
		};
/* End XCBuildConfiguration section */

/* Begin XCConfigurationList section */
		FD7C2E1A2AFFE6A5000B6476 /* Build configuration list for PBXProject "Share Song" */ = {
			isa = XCConfigurationList;
			buildConfigurations = (
				FD7C2E432AFFE6A6000B6476 /* Debug */,
				FD7C2E442AFFE6A6000B6476 /* Release */,
			);
			defaultConfigurationIsVisible = 0;
			defaultConfigurationName = Release;
		};
		FD7C2E452AFFE6A6000B6476 /* Build configuration list for PBXNativeTarget "Share Song" */ = {
			isa = XCConfigurationList;
			buildConfigurations = (
				FD7C2E462AFFE6A6000B6476 /* Debug */,
				FD7C2E472AFFE6A6000B6476 /* Release */,
			);
			defaultConfigurationIsVisible = 0;
			defaultConfigurationName = Release;
		};
		FD7C2E482AFFE6A6000B6476 /* Build configuration list for PBXNativeTarget "Share SongTests" */ = {
			isa = XCConfigurationList;
			buildConfigurations = (
				FD7C2E492AFFE6A6000B6476 /* Debug */,
				FD7C2E4A2AFFE6A6000B6476 /* Release */,
			);
			defaultConfigurationIsVisible = 0;
			defaultConfigurationName = Release;
		};
		FD7C2E4B2AFFE6A6000B6476 /* Build configuration list for PBXNativeTarget "Share SongUITests" */ = {
			isa = XCConfigurationList;
			buildConfigurations = (
				FD7C2E4C2AFFE6A6000B6476 /* Debug */,
				FD7C2E4D2AFFE6A6000B6476 /* Release */,
			);
			defaultConfigurationIsVisible = 0;
			defaultConfigurationName = Release;
		};
/* End XCConfigurationList section */
	};
	rootObject = FD7C2E172AFFE6A5000B6476 /* Project object */;
}
